
Microsoft Visual Studio Solution File, Format Version 12.00
# Visual Studio Version 17
VisualStudioVersion = 17.11.35327.3
MinimumVisualStudioVersion = 10.0.40219.1
Project("{FAE04EC0-301F-11D3-BF4B-00C04F79EFBC}") = "RolePolicyApi", "RolePolicyApi.csproj", "{5D1D65F1-A09B-4F67-9439-77B0E720B978}"
EndProject
Global
	GlobalSection(SolutionConfigurationPlatforms) = preSolution
		Debug|Any CPU = Debug|Any CPU
		Release|Any CPU = Release|Any CPU
	EndGlobalSection
	GlobalSection(ProjectConfigurationPlatforms) = postSolution
		{5D1D65F1-A09B-4F67-9439-77B0E720B978}.Debug|Any CPU.ActiveCfg = Debug|Any CPU
		{5D1D65F1-A09B-4F67-9439-77B0E720B978}.Debug|Any CPU.Build.0 = Debug|Any CPU
		{5D1D65F1-A09B-4F67-9439-77B0E720B978}.Release|Any CPU.ActiveCfg = Release|Any CPU
		{5D1D65F1-A09B-4F67-9439-77B0E720B978}.Release|Any CPU.Build.0 = Release|Any CPU
	EndGlobalSection
	GlobalSection(SolutionProperties) = preSolution
		HideSolutionNode = FALSE
	EndGlobalSection
	GlobalSection(ExtensibilityGlobals) = postSolution
		SolutionGuid = {F8065495-F07A-4AE5-BA69-C99B450166BF}
	EndGlobalSection
EndGlobal
